Microsoft Visual Studio Solution File, Format Version 12.00
# Visual Studio Version 16
VisualStudioVersion = 16.0.31205.134
MinimumVisualStudioVersion = 10.0.40219.1
Project("{FAE04EC0-301F-11D3-BF4B-00C04F79EFBC}") = "ExampleMaterialDesignControls.Android", "ExampleMaterialDesignControls.Android\ExampleMaterialDesignControls.Android.csproj", "{1E4E88F1-A058-44F5-A441-EAD9F534EF91}"
EndProject
Project("{FAE04EC0-301F-11D3-BF4B-00C04F79EFBC}") = "ExampleMaterialDesignControls.iOS", "ExampleMaterialDesignControls.iOS\ExampleMaterialDesignControls.iOS.csproj", "{14A1BA06-3AD2-4FB2-B14D-BFC5D66DB869}"
EndProject
Project("{9A19103F-16F7-4668-BE54-9A1E7A4F7556}") = "ExampleMaterialDesignControls", "ExampleMaterialDesignControls\ExampleMaterialDesignControls.csproj", "{439F7D85-7EF9-404C-AA78-98A755644B6A}"
EndProject
Project("{9A19103F-16F7-4668-BE54-9A1E7A4F7556}") = "MaterialDesignControls", "..\src\MaterialDesignControls\MaterialDesignControls.csproj", "{2DD667DD-DC54-4CA6-B167-B0B4C1CE72D2}"
EndProject
Project("{FAE04EC0-301F-11D3-BF4B-00C04F79EFBC}") = "MaterialDesignControls.Android", "..\src\MaterialDesignControls.Android\MaterialDesignControls.Android.csproj", "{771F5490-1C4C-4BFF-A829-E532336552F8}"
EndProject
Project("{FAE04EC0-301F-11D3-BF4B-00C04F79EFBC}") = "MaterialDesignControls.iOS", "..\src\MaterialDesignControls.iOS\MaterialDesignControls.iOS.csproj", "{2BFC48FE-5BE1-4482-8469-77DDA82D13C8}"
EndProject
Global
	GlobalSection(SolutionConfigurationPlatforms) = preSolution
		Ad-Hoc|Any CPU = Ad-Hoc|Any CPU
		Ad-Hoc|iPhone = Ad-Hoc|iPhone
		Ad-Hoc|iPhoneSimulator = Ad-Hoc|iPhoneSimulator
		AppStore|Any CPU = AppStore|Any CPU
		AppStore|iPhone = AppStore|iPhone
		AppStore|iPhoneSimulator = AppStore|iPhoneSimulator
		Debug|Any CPU = Debug|Any CPU
		Debug|iPhone = Debug|iPhone
		Debug|iPhoneSimulator = Debug|iPhoneSimulator
		Release|Any CPU = Release|Any CPU
		Release|iPhone = Release|iPhone
		Release|iPhoneSimulator = Release|iPhoneSimulator
	EndGlobalSection
	GlobalSection(ProjectConfigurationPlatforms) = postSolution
		{1E4E88F1-A058-44F5-A441-EAD9F534EF91}.Ad-Hoc|Any CPU.ActiveCfg = Release|Any CPU
		{1E4E88F1-A058-44F5-A441-EAD9F534EF91}.Ad-Hoc|Any CPU.Build.0 = Release|Any CPU
		{1E4E88F1-A058-44F5-A441-EAD9F534EF91}.Ad-Hoc|Any CPU.Deploy.0 = Release|Any CPU
		{1E4E88F1-A058-44F5-A441-EAD9F534EF91}.Ad-Hoc|iPhone.ActiveCfg = Debug|Any CPU
		{1E4E88F1-A058-44F5-A441-EAD9F534EF91}.Ad-Hoc|iPhone.Build.0 = Debug|Any CPU
		{1E4E88F1-A058-44F5-A441-EAD9F534EF91}.Ad-Hoc|iPhoneSimulator.ActiveCfg = Release|Any CPU
		{1E4E88F1-A058-44F5-A441-EAD9F534EF91}.Ad-Hoc|iPhoneSimulator.Build.0 = Release|Any CPU
		{1E4E88F1-A058-44F5-A441-EAD9F534EF91}.Ad-Hoc|iPhoneSimulator.Deploy.0 = Release|Any CPU
		{1E4E88F1-A058-44F5-A441-EAD9F534EF91}.AppStore|Any CPU.ActiveCfg = Release|Any CPU
		{1E4E88F1-A058-44F5-A441-EAD9F534EF91}.AppStore|Any CPU.Build.0 = Release|Any CPU
		{1E4E88F1-A058-44F5-A441-EAD9F534EF91}.AppStore|Any CPU.Deploy.0 = Release|Any CPU
		{1E4E88F1-A058-44F5-A441-EAD9F534EF91}.AppStore|iPhone.ActiveCfg = Debug|Any CPU
		{1E4E88F1-A058-44F5-A441-EAD9F534EF91}.AppStore|iPhone.Build.0 = Debug|Any CPU
		{1E4E88F1-A058-44F5-A441-EAD9F534EF91}.AppStore|iPhoneSimulator.ActiveCfg = Release|Any CPU
		{1E4E88F1-A058-44F5-A441-EAD9F534EF91}.AppStore|iPhoneSimulator.Build.0 = Release|Any CPU
		{1E4E88F1-A058-44F5-A441-EAD9F534EF91}.AppStore|iPhoneSimulator.Deploy.0 = Release|Any CPU
		{1E4E88F1-A058-44F5-A441-EAD9F534EF91}.Debug|Any CPU.ActiveCfg = Debug|Any CPU
		{1E4E88F1-A058-44F5-A441-EAD9F534EF91}.Debug|Any CPU.Build.0 = Debug|Any CPU
		{1E4E88F1-A058-44F5-A441-EAD9F534EF91}.Debug|Any CPU.Deploy.0 = Debug|Any CPU
		{1E4E88F1-A058-44F5-A441-EAD9F534EF91}.Debug|iPhone.ActiveCfg = Debug|Any CPU
		{1E4E88F1-A058-44F5-A441-EAD9F534EF91}.Debug|iPhone.Build.0 = Debug|Any CPU
		{1E4E88F1-A058-44F5-A441-EAD9F534EF91}.Debug|iPhoneSimulator.ActiveCfg = Debug|Any CPU
		{1E4E88F1-A058-44F5-A441-EAD9F534EF91}.Debug|iPhoneSimulator.Build.0 = Debug|Any CPU
		{1E4E88F1-A058-44F5-A441-EAD9F534EF91}.Release|Any CPU.ActiveCfg = Release|Any CPU
		{1E4E88F1-A058-44F5-A441-EAD9F534EF91}.Release|Any CPU.Build.0 = Release|Any CPU
		{1E4E88F1-A058-44F5-A441-EAD9F534EF91}.Release|iPhone.ActiveCfg = Release|Any CPU
		{1E4E88F1-A058-44F5-A441-EAD9F534EF91}.Release|iPhone.Build.0 = Release|Any CPU
		{1E4E88F1-A058-44F5-A441-EAD9F534EF91}.Release|iPhoneSimulator.ActiveCfg = Release|Any CPU
		{1E4E88F1-A058-44F5-A441-EAD9F534EF91}.Release|iPhoneSimulator.Build.0 = Release|Any CPU
		{14A1BA06-3AD2-4FB2-B14D-BFC5D66DB869}.Ad-Hoc|Any CPU.ActiveCfg = Ad-Hoc|iPhoneSimulator
		{14A1BA06-3AD2-4FB2-B14D-BFC5D66DB869}.Ad-Hoc|iPhone.ActiveCfg = Ad-Hoc|iPhone
		{14A1BA06-3AD2-4FB2-B14D-BFC5D66DB869}.Ad-Hoc|iPhone.Build.0 = Ad-Hoc|iPhone
		{14A1BA06-3AD2-4FB2-B14D-BFC5D66DB869}.Ad-Hoc|iPhoneSimulator.ActiveCfg = Ad-Hoc|iPhoneSimulator
		{14A1BA06-3AD2-4FB2-B14D-BFC5D66DB869}.Ad-Hoc|iPhoneSimulator.Build.0 = Ad-Hoc|iPhoneSimulator
		{14A1BA06-3AD2-4FB2-B14D-BFC5D66DB869}.AppStore|Any CPU.ActiveCfg = AppStore|iPhoneSimulator
		{14A1BA06-3AD2-4FB2-B14D-BFC5D66DB869}.AppStore|iPhone.ActiveCfg = AppStore|iPhone
		{14A1BA06-3AD2-4FB2-B14D-BFC5D66DB869}.AppStore|iPhone.Build.0 = AppStore|iPhone
		{14A1BA06-3AD2-4FB2-B14D-BFC5D66DB869}.AppStore|iPhoneSimulator.ActiveCfg = AppStore|iPhoneSimulator
		{14A1BA06-3AD2-4FB2-B14D-BFC5D66DB869}.AppStore|iPhoneSimulator.Build.0 = AppStore|iPhoneSimulator
		{14A1BA06-3AD2-4FB2-B14D-BFC5D66DB869}.Debug|Any CPU.ActiveCfg = Debug|iPhoneSimulator
		{14A1BA06-3AD2-4FB2-B14D-BFC5D66DB869}.Debug|Any CPU.Build.0 = Debug|iPhoneSimulator
		{14A1BA06-3AD2-4FB2-B14D-BFC5D66DB869}.Debug|iPhone.ActiveCfg = Debug|iPhone
		{14A1BA06-3AD2-4FB2-B14D-BFC5D66DB869}.Debug|iPhone.Build.0 = Debug|iPhone
		{14A1BA06-3AD2-4FB2-B14D-BFC5D66DB869}.Debug|iPhoneSimulator.ActiveCfg = Debug|iPhoneSimulator
		{14A1BA06-3AD2-4FB2-B14D-BFC5D66DB869}.Debug|iPhoneSimulator.Build.0 = Debug|iPhoneSimulator
		{14A1BA06-3AD2-4FB2-B14D-BFC5D66DB869}.Release|Any CPU.ActiveCfg = Release|iPhoneSimulator
		{14A1BA06-3AD2-4FB2-B14D-BFC5D66DB869}.Release|Any CPU.Build.0 = Release|iPhoneSimulator
		{14A1BA06-3AD2-4FB2-B14D-BFC5D66DB869}.Release|iPhone.ActiveCfg = Release|iPhone
		{14A1BA06-3AD2-4FB2-B14D-BFC5D66DB869}.Release|iPhone.Build.0 = Release|iPhone
		{14A1BA06-3AD2-4FB2-B14D-BFC5D66DB869}.Release|iPhoneSimulator.ActiveCfg = Release|iPhoneSimulator
		{14A1BA06-3AD2-4FB2-B14D-BFC5D66DB869}.Release|iPhoneSimulator.Build.0 = Release|iPhoneSimulator
		{439F7D85-7EF9-404C-AA78-98A755644B6A}.Ad-Hoc|Any CPU.ActiveCfg = Release|Any CPU
		{439F7D85-7EF9-404C-AA78-98A755644B6A}.Ad-Hoc|Any CPU.Build.0 = Release|Any CPU
		{439F7D85-7EF9-404C-AA78-98A755644B6A}.Ad-Hoc|iPhone.ActiveCfg = Debug|Any CPU
		{439F7D85-7EF9-404C-AA78-98A755644B6A}.Ad-Hoc|iPhone.Build.0 = Debug|Any CPU
		{439F7D85-7EF9-404C-AA78-98A755644B6A}.Ad-Hoc|iPhoneSimulator.ActiveCfg = Release|Any CPU
		{439F7D85-7EF9-404C-AA78-98A755644B6A}.Ad-Hoc|iPhoneSimulator.Build.0 = Release|Any CPU
		{439F7D85-7EF9-404C-AA78-98A755644B6A}.AppStore|Any CPU.ActiveCfg = Release|Any CPU
		{439F7D85-7EF9-404C-AA78-98A755644B6A}.AppStore|Any CPU.Build.0 = Release|Any CPU
		{439F7D85-7EF9-404C-AA78-98A755644B6A}.AppStore|iPhone.ActiveCfg = Debug|Any CPU
		{439F7D85-7EF9-404C-AA78-98A755644B6A}.AppStore|iPhone.Build.0 = Debug|Any CPU
		{439F7D85-7EF9-404C-AA78-98A755644B6A}.AppStore|iPhoneSimulator.ActiveCfg = Release|Any CPU
		{439F7D85-7EF9-404C-AA78-98A755644B6A}.AppStore|iPhoneSimulator.Build.0 = Release|Any CPU
		{439F7D85-7EF9-404C-AA78-98A755644B6A}.Debug|Any CPU.ActiveCfg = Debug|Any CPU
		{439F7D85-7EF9-404C-AA78-98A755644B6A}.Debug|Any CPU.Build.0 = Debug|Any CPU
		{439F7D85-7EF9-404C-AA78-98A755644B6A}.Debug|iPhone.ActiveCfg = Debug|Any CPU
		{439F7D85-7EF9-404C-AA78-98A755644B6A}.Debug|iPhone.Build.0 = Debug|Any CPU
		{439F7D85-7EF9-404C-AA78-98A755644B6A}.Debug|iPhoneSimulator.ActiveCfg = Debug|Any CPU
		{439F7D85-7EF9-404C-AA78-98A755644B6A}.Debug|iPhoneSimulator.Build.0 = Debug|Any CPU
		{439F7D85-7EF9-404C-AA78-98A755644B6A}.Release|Any CPU.ActiveCfg = Release|Any CPU
		{439F7D85-7EF9-404C-AA78-98A755644B6A}.Release|Any CPU.Build.0 = Release|Any CPU
		{439F7D85-7EF9-404C-AA78-98A755644B6A}.Release|iPhone.ActiveCfg = Release|Any CPU
		{439F7D85-7EF9-404C-AA78-98A755644B6A}.Release|iPhone.Build.0 = Release|Any CPU
		{439F7D85-7EF9-404C-AA78-98A755644B6A}.Release|iPhoneSimulator.ActiveCfg = Release|Any CPU
		{439F7D85-7EF9-404C-AA78-98A755644B6A}.Release|iPhoneSimulator.Build.0 = Release|Any CPU
		{2DD667DD-DC54-4CA6-B167-B0B4C1CE72D2}.Ad-Hoc|Any CPU.ActiveCfg = Debug|Any CPU
		{2DD667DD-DC54-4CA6-B167-B0B4C1CE72D2}.Ad-Hoc|Any CPU.Build.0 = Debug|Any CPU
		{2DD667DD-DC54-4CA6-B167-B0B4C1CE72D2}.Ad-Hoc|iPhone.ActiveCfg = Release|Any CPU
		{2DD667DD-DC54-4CA6-B167-B0B4C1CE72D2}.Ad-Hoc|iPhone.Build.0 = Release|Any CPU
		{2DD667DD-DC54-4CA6-B167-B0B4C1CE72D2}.Ad-Hoc|iPhoneSimulator.ActiveCfg = Debug|Any CPU
		{2DD667DD-DC54-4CA6-B167-B0B4C1CE72D2}.Ad-Hoc|iPhoneSimulator.Build.0 = Debug|Any CPU
		{2DD667DD-DC54-4CA6-B167-B0B4C1CE72D2}.AppStore|Any CPU.ActiveCfg = Debug|Any CPU
		{2DD667DD-DC54-4CA6-B167-B0B4C1CE72D2}.AppStore|Any CPU.Build.0 = Debug|Any CPU
		{2DD667DD-DC54-4CA6-B167-B0B4C1CE72D2}.AppStore|iPhone.ActiveCfg = Release|Any CPU
		{2DD667DD-DC54-4CA6-B167-B0B4C1CE72D2}.AppStore|iPhone.Build.0 = Release|Any CPU
		{2DD667DD-DC54-4CA6-B167-B0B4C1CE72D2}.AppStore|iPhoneSimulator.ActiveCfg = Debug|Any CPU
		{2DD667DD-DC54-4CA6-B167-B0B4C1CE72D2}.AppStore|iPhoneSimulator.Build.0 = Debug|Any CPU
		{2DD667DD-DC54-4CA6-B167-B0B4C1CE72D2}.Debug|Any CPU.ActiveCfg = Debug|Any CPU
		{2DD667DD-DC54-4CA6-B167-B0B4C1CE72D2}.Debug|Any CPU.Build.0 = Debug|Any CPU
		{2DD667DD-DC54-4CA6-B167-B0B4C1CE72D2}.Debug|iPhone.ActiveCfg = Debug|Any CPU
		{2DD667DD-DC54-4CA6-B167-B0B4C1CE72D2}.Debug|iPhone.Build.0 = Debug|Any CPU
		{2DD667DD-DC54-4CA6-B167-B0B4C1CE72D2}.Debug|iPhoneSimulator.ActiveCfg = Debug|Any CPU
		{2DD667DD-DC54-4CA6-B167-B0B4C1CE72D2}.Debug|iPhoneSimulator.Build.0 = Debug|Any CPU
		{2DD667DD-DC54-4CA6-B167-B0B4C1CE72D2}.Release|Any CPU.ActiveCfg = Release|Any CPU
		{2DD667DD-DC54-4CA6-B167-B0B4C1CE72D2}.Release|Any CPU.Build.0 = Release|Any CPU
		{2DD667DD-DC54-4CA6-B167-B0B4C1CE72D2}.Release|iPhone.ActiveCfg = Release|Any CPU
		{2DD667DD-DC54-4CA6-B167-B0B4C1CE72D2}.Release|iPhone.Build.0 = Release|Any CPU
		{2DD667DD-DC54-4CA6-B167-B0B4C1CE72D2}.Release|iPhoneSimulator.ActiveCfg = Release|Any CPU
		{2DD667DD-DC54-4CA6-B167-B0B4C1CE72D2}.Release|iPhoneSimulator.Build.0 = Release|Any CPU
		{771F5490-1C4C-4BFF-A829-E532336552F8}.Ad-Hoc|Any CPU.ActiveCfg = Debug|Any CPU
		{771F5490-1C4C-4BFF-A829-E532336552F8}.Ad-Hoc|Any CPU.Build.0 = Debug|Any CPU
		{771F5490-1C4C-4BFF-A829-E532336552F8}.Ad-Hoc|iPhone.ActiveCfg = Release|Any CPU
		{771F5490-1C4C-4BFF-A829-E532336552F8}.Ad-Hoc|iPhone.Build.0 = Release|Any CPU
		{771F5490-1C4C-4BFF-A829-E532336552F8}.Ad-Hoc|iPhoneSimulator.ActiveCfg = Debug|Any CPU
		{771F5490-1C4C-4BFF-A829-E532336552F8}.Ad-Hoc|iPhoneSimulator.Build.0 = Debug|Any CPU
		{771F5490-1C4C-4BFF-A829-E532336552F8}.AppStore|Any CPU.ActiveCfg = Debug|Any CPU
		{771F5490-1C4C-4BFF-A829-E532336552F8}.AppStore|Any CPU.Build.0 = Debug|Any CPU
		{771F5490-1C4C-4BFF-A829-E532336552F8}.AppStore|iPhone.ActiveCfg = Release|Any CPU
		{771F5490-1C4C-4BFF-A829-E532336552F8}.AppStore|iPhone.Build.0 = Release|Any CPU
		{771F5490-1C4C-4BFF-A829-E532336552F8}.AppStore|iPhoneSimulator.ActiveCfg = Debug|Any CPU
		{771F5490-1C4C-4BFF-A829-E532336552F8}.AppStore|iPhoneSimulator.Build.0 = Debug|Any CPU
		{771F5490-1C4C-4BFF-A829-E532336552F8}.Debug|Any CPU.ActiveCfg = Debug|Any CPU
		{771F5490-1C4C-4BFF-A829-E532336552F8}.Debug|Any CPU.Build.0 = Debug|Any CPU
		{771F5490-1C4C-4BFF-A829-E532336552F8}.Debug|iPhone.ActiveCfg = Debug|Any CPU
		{771F5490-1C4C-4BFF-A829-E532336552F8}.Debug|iPhone.Build.0 = Debug|Any CPU
		{771F5490-1C4C-4BFF-A829-E532336552F8}.Debug|iPhoneSimulator.ActiveCfg = Debug|Any CPU
		{771F5490-1C4C-4BFF-A829-E532336552F8}.Debug|iPhoneSimulator.Build.0 = Debug|Any CPU
		{771F5490-1C4C-4BFF-A829-E532336552F8}.Release|Any CPU.ActiveCfg = Release|Any CPU
		{771F5490-1C4C-4BFF-A829-E532336552F8}.Release|Any CPU.Build.0 = Release|Any CPU
		{771F5490-1C4C-4BFF-A829-E532336552F8}.Release|iPhone.ActiveCfg = Release|Any CPU
		{771F5490-1C4C-4BFF-A829-E532336552F8}.Release|iPhone.Build.0 = Release|Any CPU
		{771F5490-1C4C-4BFF-A829-E532336552F8}.Release|iPhoneSimulator.ActiveCfg = Release|Any CPU
		{771F5490-1C4C-4BFF-A829-E532336552F8}.Release|iPhoneSimulator.Build.0 = Release|Any CPU
		{2BFC48FE-5BE1-4482-8469-77DDA82D13C8}.Ad-Hoc|Any CPU.ActiveCfg = Debug|Any CPU
		{2BFC48FE-5BE1-4482-8469-77DDA82D13C8}.Ad-Hoc|Any CPU.Build.0 = Debug|Any CPU
		{2BFC48FE-5BE1-4482-8469-77DDA82D13C8}.Ad-Hoc|iPhone.ActiveCfg = Release|Any CPU
		{2BFC48FE-5BE1-4482-8469-77DDA82D13C8}.Ad-Hoc|iPhone.Build.0 = Release|Any CPU
		{2BFC48FE-5BE1-4482-8469-77DDA82D13C8}.Ad-Hoc|iPhoneSimulator.ActiveCfg = Debug|Any CPU
		{2BFC48FE-5BE1-4482-8469-77DDA82D13C8}.Ad-Hoc|iPhoneSimulator.Build.0 = Debug|Any CPU
		{2BFC48FE-5BE1-4482-8469-77DDA82D13C8}.AppStore|Any CPU.ActiveCfg = Debug|Any CPU
		{2BFC48FE-5BE1-4482-8469-77DDA82D13C8}.AppStore|Any CPU.Build.0 = Debug|Any CPU
		{2BFC48FE-5BE1-4482-8469-77DDA82D13C8}.AppStore|iPhone.ActiveCfg = Release|Any CPU
		{2BFC48FE-5BE1-4482-8469-77DDA82D13C8}.AppStore|iPhone.Build.0 = Release|Any CPU
		{2BFC48FE-5BE1-4482-8469-77DDA82D13C8}.AppStore|iPhoneSimulator.ActiveCfg = Debug|Any CPU
		{2BFC48FE-5BE1-4482-8469-77DDA82D13C8}.AppStore|iPhoneSimulator.Build.0 = Debug|Any CPU
		{2BFC48FE-5BE1-4482-8469-77DDA82D13C8}.Debug|Any CPU.ActiveCfg = Debug|Any CPU
		{2BFC48FE-5BE1-4482-8469-77DDA82D13C8}.Debug|Any CPU.Build.0 = Debug|Any CPU
		{2BFC48FE-5BE1-4482-8469-77DDA82D13C8}.Debug|iPhone.ActiveCfg = Debug|Any CPU
		{2BFC48FE-5BE1-4482-8469-77DDA82D13C8}.Debug|iPhone.Build.0 = Debug|Any CPU
		{2BFC48FE-5BE1-4482-8469-77DDA82D13C8}.Debug|iPhoneSimulator.ActiveCfg = Debug|Any CPU
		{2BFC48FE-5BE1-4482-8469-77DDA82D13C8}.Debug|iPhoneSimulator.Build.0 = Debug|Any CPU
		{2BFC48FE-5BE1-4482-8469-77DDA82D13C8}.Release|Any CPU.ActiveCfg = Release|Any CPU
		{2BFC48FE-5BE1-4482-8469-77DDA82D13C8}.Release|Any CPU.Build.0 = Release|Any CPU
		{2BFC48FE-5BE1-4482-8469-77DDA82D13C8}.Release|iPhone.ActiveCfg = Release|Any CPU
		{2BFC48FE-5BE1-4482-8469-77DDA82D13C8}.Release|iPhone.Build.0 = Release|Any CPU
		{2BFC48FE-5BE1-4482-8469-77DDA82D13C8}.Release|iPhoneSimulator.ActiveCfg = Release|Any CPU
		{2BFC48FE-5BE1-4482-8469-77DDA82D13C8}.Release|iPhoneSimulator.Build.0 = Release|Any CPU
	EndGlobalSection
	GlobalSection(SolutionProperties) = preSolution
		HideSolutionNode = FALSE
	EndGlobalSection
	GlobalSection(ExtensibilityGlobals) = postSolution
		SolutionGuid = {533CF91E-EAED-424D-945F-0885E060B3AA}
	EndGlobalSection
EndGlobal
