
Microsoft Visual Studio Solution File, Format Version 12.00
# Visual Studio Version 16
VisualStudioVersion = 25.0.1705.5
MinimumVisualStudioVersion = 10.0.40219.1
Project("{FAE04EC0-301F-11D3-BF4B-00C04F79EFBC}") = "MaterialDesignControls", "MaterialDesignControls.csproj", "{FA67EC25-E701-46B9-B016-DB12DF8629CE}"
EndProject
Global
	GlobalSection(SolutionConfigurationPlatforms) = preSolution
		Debug|Any CPU = Debug|Any CPU
		Release|Any CPU = Release|Any CPU
	EndGlobalSection
	GlobalSection(ProjectConfigurationPlatforms) = postSolution
		{FA67EC25-E701-46B9-B016-DB12DF8629CE}.Debug|Any CPU.ActiveCfg = Debug|Any CPU
		{FA67EC25-E701-46B9-B016-DB12DF8629CE}.Debug|Any CPU.Build.0 = Debug|Any CPU
		{FA67EC25-E701-46B9-B016-DB12DF8629CE}.Release|Any CPU.ActiveCfg = Release|Any CPU
		{FA67EC25-E701-46B9-B016-DB12DF8629CE}.Release|Any CPU.Build.0 = Release|Any CPU
	EndGlobalSection
	GlobalSection(SolutionProperties) = preSolution
		HideSolutionNode = FALSE
	EndGlobalSection
	GlobalSection(ExtensibilityGlobals) = postSolution
		SolutionGuid = {9475C0AF-9F65-454D-BBF0-9F16A4E2C84F}
	EndGlobalSection
EndGlobal
